// !$*UTF8*$!
{
	archiveVersion = 1;
	classes = {
	};
	objectVersion = 50;
	objects = {

/* Begin PBXBuildFile section */
		9659069424BC504D00DAEDA2 /* AppDelegate.swift in Sources */ = {isa = PBXBuildFile; fileRef = 9659069324BC504D00DAEDA2 /* AppDelegate.swift */; };
		9659069624BC504D00DAEDA2 /* SceneDelegate.swift in Sources */ = {isa = PBXBuildFile; fileRef = 9659069524BC504D00DAEDA2 /* SceneDelegate.swift */; };
		9659069824BC504D00DAEDA2 /* ViewController.swift in Sources */ = {isa = PBXBuildFile; fileRef = 9659069724BC504D00DAEDA2 /* ViewController.swift */; };
		9659069B24BC504D00DAEDA2 /* Main.storyboard in Resources */ = {isa = PBXBuildFile; fileRef = 9659069924BC504D00DAEDA2 /* Main.storyboard */; };
		9659069D24BC504F00DAEDA2 /* Assets.xcassets in Resources */ = {isa = PBXBuildFile; fileRef = 9659069C24BC504F00DAEDA2 /* Assets.xcassets */; };
		965906A024BC504F00DAEDA2 /* LaunchScreen.storyboard in Resources */ = {isa = PBXBuildFile; fileRef = 9659069E24BC504F00DAEDA2 /* LaunchScreen.storyboard */; };
		965906AB24BC505000DAEDA2 /* travel_diaryTests.swift in Sources */ = {isa = PBXBuildFile; fileRef = 965906AA24BC505000DAEDA2 /* travel_diaryTests.swift */; };
		965906B624BC505000DAEDA2 /* travel_diaryUITests.swift in Sources */ = {isa = PBXBuildFile; fileRef = 965906B524BC505000DAEDA2 /* travel_diaryUITests.swift */; };
		965906C624BC9DAD00DAEDA2 /* DetailViewController.swift in Sources */ = {isa = PBXBuildFile; fileRef = 965906C524BC9DAD00DAEDA2 /* DetailViewController.swift */; };
		965906C824BCA04600DAEDA2 /* UIRoundPrimaryButton.swift in Sources */ = {isa = PBXBuildFile; fileRef = 965906C724BCA04600DAEDA2 /* UIRoundPrimaryButton.swift */; };
/* End PBXBuildFile section */

/* Begin PBXContainerItemProxy section */
		965906A724BC505000DAEDA2 /* PBXContainerItemProxy */ = {
			isa = PBXContainerItemProxy;
			containerPortal = 9659068824BC504D00DAEDA2 /* Project object */;
			proxyType = 1;
			remoteGlobalIDString = 9659068F24BC504D00DAEDA2;
			remoteInfo = travel_diary;
		};
		965906B224BC505000DAEDA2 /* PBXContainerItemProxy */ = {
			isa = PBXContainerItemProxy;
			containerPortal = 9659068824BC504D00DAEDA2 /* Project object */;
			proxyType = 1;
			remoteGlobalIDString = 9659068F24BC504D00DAEDA2;
			remoteInfo = travel_diary;
		};
/* End PBXContainerItemProxy section */

/* Begin PBXFileReference section */
		9659069024BC504D00DAEDA2 /* travel_diary.app */ = {isa = PBXFileReference; explicitFileType = wrapper.application; includeInIndex = 0; path = travel_diary.app; sourceTree = BUILT_PRODUCTS_DIR; };
		9659069324BC504D00DAEDA2 /* AppDelegate.swift */ = {isa = PBXFileReference; lastKnownFileType = sourcecode.swift; path = AppDelegate.swift; sourceTree = "<group>"; };
		9659069524BC504D00DAEDA2 /* SceneDelegate.swift */ = {isa = PBXFileReference; lastKnownFileType = sourcecode.swift; path = SceneDelegate.swift; sourceTree = "<group>"; };
		9659069724BC504D00DAEDA2 /* ViewController.swift */ = {isa = PBXFileReference; lastKnownFileType = sourcecode.swift; path = ViewController.swift; sourceTree = "<group>"; };
		9659069A24BC504D00DAEDA2 /* Base */ = {isa = PBXFileReference; lastKnownFileType = file.storyboard; name = Base; path = Base.lproj/Main.storyboard; sourceTree = "<group>"; };
		9659069C24BC504F00DAEDA2 /* Assets.xcassets */ = {isa = PBXFileReference; lastKnownFileType = folder.assetcatalog; path = Assets.xcassets; sourceTree = "<group>"; };
		9659069F24BC504F00DAEDA2 /* Base */ = {isa = PBXFileReference; lastKnownFileType = file.storyboard; name = Base; path = Base.lproj/LaunchScreen.storyboard; sourceTree = "<group>"; };
		965906A124BC504F00DAEDA2 /* Info.plist */ = {isa = PBXFileReference; lastKnownFileType = text.plist.xml; path = Info.plist; sourceTree = "<group>"; };
		965906A624BC505000DAEDA2 /* travel_diaryTests.xctest */ = {isa = PBXFileReference; explicitFileType = wrapper.cfbundle; includeInIndex = 0; path = travel_diaryTests.xctest; sourceTree = BUILT_PRODUCTS_DIR; };
		965906AA24BC505000DAEDA2 /* travel_diaryTests.swift */ = {isa = PBXFileReference; lastKnownFileType = sourcecode.swift; path = travel_diaryTests.swift; sourceTree = "<group>"; };
		965906AC24BC505000DAEDA2 /* Info.plist */ = {isa = PBXFileReference; lastKnownFileType = text.plist.xml; path = Info.plist; sourceTree = "<group>"; };
		965906B124BC505000DAEDA2 /* travel_diaryUITests.xctest */ = {isa = PBXFileReference; explicitFileType = wrapper.cfbundle; includeInIndex = 0; path = travel_diaryUITests.xctest; sourceTree = BUILT_PRODUCTS_DIR; };
		965906B524BC505000DAEDA2 /* travel_diaryUITests.swift */ = {isa = PBXFileReference; lastKnownFileType = sourcecode.swift; path = travel_diaryUITests.swift; sourceTree = "<group>"; };
		965906B724BC505000DAEDA2 /* Info.plist */ = {isa = PBXFileReference; lastKnownFileType = text.plist.xml; path = Info.plist; sourceTree = "<group>"; };
		965906C524BC9DAD00DAEDA2 /* DetailViewController.swift */ = {isa = PBXFileReference; lastKnownFileType = sourcecode.swift; path = DetailViewController.swift; sourceTree = "<group>"; };
		965906C724BCA04600DAEDA2 /* UIRoundPrimaryButton.swift */ = {isa = PBXFileReference; lastKnownFileType = sourcecode.swift; path = UIRoundPrimaryButton.swift; sourceTree = "<group>"; };
/* End PBXFileReference section */

/* Begin PBXFrameworksBuildPhase section */
		9659068D24BC504D00DAEDA2 /* Frameworks */ = {
			isa = PBXFrameworksBuildPhase;
			buildActionMask = 2147483647;
			files = (
			);
			runOnlyForDeploymentPostprocessing = 0;
		};
		965906A324BC505000DAEDA2 /* Frameworks */ = {
			isa = PBXFrameworksBuildPhase;
			buildActionMask = 2147483647;
			files = (
			);
			runOnlyForDeploymentPostprocessing = 0;
		};
		965906AE24BC505000DAEDA2 /* Frameworks */ = {
			isa = PBXFrameworksBuildPhase;
			buildActionMask = 2147483647;
			files = (
			);
			runOnlyForDeploymentPostprocessing = 0;
		};
/* End PBXFrameworksBuildPhase section */

/* Begin PBXGroup section */
		9659068724BC504D00DAEDA2 = {
			isa = PBXGroup;
			children = (
				9659069224BC504D00DAEDA2 /* travel_diary */,
				965906A924BC505000DAEDA2 /* travel_diaryTests */,
				965906B424BC505000DAEDA2 /* travel_diaryUITests */,
				9659069124BC504D00DAEDA2 /* Products */,
			);
			sourceTree = "<group>";
		};
		9659069124BC504D00DAEDA2 /* Products */ = {
			isa = PBXGroup;
			children = (
				9659069024BC504D00DAEDA2 /* travel_diary.app */,
				965906A624BC505000DAEDA2 /* travel_diaryTests.xctest */,
				965906B124BC505000DAEDA2 /* travel_diaryUITests.xctest */,
			);
			name = Products;
			sourceTree = "<group>";
		};
		9659069224BC504D00DAEDA2 /* travel_diary */ = {
			isa = PBXGroup;
			children = (
				9659069324BC504D00DAEDA2 /* AppDelegate.swift */,
				965906C524BC9DAD00DAEDA2 /* DetailViewController.swift */,
				9659069524BC504D00DAEDA2 /* SceneDelegate.swift */,
				9659069724BC504D00DAEDA2 /* ViewController.swift */,
				9659069924BC504D00DAEDA2 /* Main.storyboard */,
				965906C724BCA04600DAEDA2 /* UIRoundPrimaryButton.swift */,
				9659069C24BC504F00DAEDA2 /* Assets.xcassets */,
				9659069E24BC504F00DAEDA2 /* LaunchScreen.storyboard */,
				965906A124BC504F00DAEDA2 /* Info.plist */,
			);
			path = travel_diary;
			sourceTree = "<group>";
		};
		965906A924BC505000DAEDA2 /* travel_diaryTests */ = {
			isa = PBXGroup;
			children = (
				965906AA24BC505000DAEDA2 /* travel_diaryTests.swift */,
				965906AC24BC505000DAEDA2 /* Info.plist */,
			);
			path = travel_diaryTests;
			sourceTree = "<group>";
		};
		965906B424BC505000DAEDA2 /* travel_diaryUITests */ = {
			isa = PBXGroup;
			children = (
				965906B524BC505000DAEDA2 /* travel_diaryUITests.swift */,
				965906B724BC505000DAEDA2 /* Info.plist */,
			);
			path = travel_diaryUITests;
			sourceTree = "<group>";
		};
/* End PBXGroup section */

/* Begin PBXNativeTarget section */
		9659068F24BC504D00DAEDA2 /* travel_diary */ = {
			isa = PBXNativeTarget;
			buildConfigurationList = 965906BA24BC505000DAEDA2 /* Build configuration list for PBXNativeTarget "travel_diary" */;
			buildPhases = (
				9659068C24BC504D00DAEDA2 /* Sources */,
				9659068D24BC504D00DAEDA2 /* Frameworks */,
				9659068E24BC504D00DAEDA2 /* Resources */,
			);
			buildRules = (
			);
			dependencies = (
			);
			name = travel_diary;
			productName = travel_diary;
			productReference = 9659069024BC504D00DAEDA2 /* travel_diary.app */;
			productType = "com.apple.product-type.application";
		};
		965906A524BC505000DAEDA2 /* travel_diaryTests */ = {
			isa = PBXNativeTarget;
			buildConfigurationList = 965906BD24BC505000DAEDA2 /* Build configuration list for PBXNativeTarget "travel_diaryTests" */;
			buildPhases = (
				965906A224BC505000DAEDA2 /* Sources */,
				965906A324BC505000DAEDA2 /* Frameworks */,
				965906A424BC505000DAEDA2 /* Resources */,
			);
			buildRules = (
			);
			dependencies = (
				965906A824BC505000DAEDA2 /* PBXTargetDependency */,
			);
			name = travel_diaryTests;
			productName = travel_diaryTests;
			productReference = 965906A624BC505000DAEDA2 /* travel_diaryTests.xctest */;
			productType = "com.apple.product-type.bundle.unit-test";
		};
		965906B024BC505000DAEDA2 /* travel_diaryUITests */ = {
			isa = PBXNativeTarget;
			buildConfigurationList = 965906C024BC505000DAEDA2 /* Build configuration list for PBXNativeTarget "travel_diaryUITests" */;
			buildPhases = (
				965906AD24BC505000DAEDA2 /* Sources */,
				965906AE24BC505000DAEDA2 /* Frameworks */,
				965906AF24BC505000DAEDA2 /* Resources */,
			);
			buildRules = (
			);
			dependencies = (
				965906B324BC505000DAEDA2 /* PBXTargetDependency */,
			);
			name = travel_diaryUITests;
			productName = travel_diaryUITests;
			productReference = 965906B124BC505000DAEDA2 /* travel_diaryUITests.xctest */;
			productType = "com.apple.product-type.bundle.ui-testing";
		};
/* End PBXNativeTarget section */

/* Begin PBXProject section */
		9659068824BC504D00DAEDA2 /* Project object */ = {
			isa = PBXProject;
			attributes = {
				LastSwiftUpdateCheck = 1150;
				LastUpgradeCheck = 1150;
				ORGANIZATIONNAME = "허예은";
				TargetAttributes = {
					9659068F24BC504D00DAEDA2 = {
						CreatedOnToolsVersion = 11.5;
					};
					965906A524BC505000DAEDA2 = {
						CreatedOnToolsVersion = 11.5;
						TestTargetID = 9659068F24BC504D00DAEDA2;
					};
					965906B024BC505000DAEDA2 = {
						CreatedOnToolsVersion = 11.5;
						TestTargetID = 9659068F24BC504D00DAEDA2;
					};
				};
			};
			buildConfigurationList = 9659068B24BC504D00DAEDA2 /* Build configuration list for PBXProject "travel_diary" */;
			compatibilityVersion = "Xcode 9.3";
			developmentRegion = en;
			hasScannedForEncodings = 0;
			knownRegions = (
				en,
				Base,
			);
			mainGroup = 9659068724BC504D00DAEDA2;
			productRefGroup = 9659069124BC504D00DAEDA2 /* Products */;
			projectDirPath = "";
			projectRoot = "";
			targets = (
				9659068F24BC504D00DAEDA2 /* travel_diary */,
				965906A524BC505000DAEDA2 /* travel_diaryTests */,
				965906B024BC505000DAEDA2 /* travel_diaryUITests */,
			);
		};
/* End PBXProject section */

/* Begin PBXResourcesBuildPhase section */
		9659068E24BC504D00DAEDA2 /* Resources */ = {
			isa = PBXResourcesBuildPhase;
			buildActionMask = 2147483647;
			files = (
				965906A024BC504F00DAEDA2 /* LaunchScreen.storyboard in Resources */,
				9659069D24BC504F00DAEDA2 /* Assets.xcassets in Resources */,
				9659069B24BC504D00DAEDA2 /* Main.storyboard in Resources */,
			);
			runOnlyForDeploymentPostprocessing = 0;
		};
		965906A424BC505000DAEDA2 /* Resources */ = {
			isa = PBXResourcesBuildPhase;
			buildActionMask = 2147483647;
			files = (
			);
			runOnlyForDeploymentPostprocessing = 0;
		};
		965906AF24BC505000DAEDA2 /* Resources */ = {
			isa = PBXResourcesBuildPhase;
			buildActionMask = 2147483647;
			files = (
			);
			runOnlyForDeploymentPostprocessing = 0;
		};
/* End PBXResourcesBuildPhase section */

/* Begin PBXSourcesBuildPhase section */
		9659068C24BC504D00DAEDA2 /* Sources */ = {
			isa = PBXSourcesBuildPhase;
			buildActionMask = 2147483647;
			files = (
				9659069824BC504D00DAEDA2 /* ViewController.swift in Sources */,
				9659069424BC504D00DAEDA2 /* AppDelegate.swift in Sources */,
				9659069624BC504D00DAEDA2 /* SceneDelegate.swift in Sources */,
				965906C624BC9DAD00DAEDA2 /* DetailViewController.swift in Sources */,
				965906C824BCA04600DAEDA2 /* UIRoundPrimaryButton.swift in Sources */,
			);
			runOnlyForDeploymentPostprocessing = 0;
		};
		965906A224BC505000DAEDA2 /* Sources */ = {
			isa = PBXSourcesBuildPhase;
			buildActionMask = 2147483647;
			files = (
				965906AB24BC505000DAEDA2 /* travel_diaryTests.swift in Sources */,
			);
			runOnlyForDeploymentPostprocessing = 0;
		};
		965906AD24BC505000DAEDA2 /* Sources */ = {
			isa = PBXSourcesBuildPhase;
			buildActionMask = 2147483647;
			files = (
				965906B624BC505000DAEDA2 /* travel_diaryUITests.swift in Sources */,
			);
			runOnlyForDeploymentPostprocessing = 0;
		};
/* End PBXSourcesBuildPhase section */

/* Begin PBXTargetDependency section */
		965906A824BC505000DAEDA2 /* PBXTargetDependency */ = {
			isa = PBXTargetDependency;
			target = 9659068F24BC504D00DAEDA2 /* travel_diary */;
			targetProxy = 965906A724BC505000DAEDA2 /* PBXContainerItemProxy */;
		};
		965906B324BC505000DAEDA2 /* PBXTargetDependency */ = {
			isa = PBXTargetDependency;
			target = 9659068F24BC504D00DAEDA2 /* travel_diary */;
			targetProxy = 965906B224BC505000DAEDA2 /* PBXContainerItemProxy */;
		};
/* End PBXTargetDependency section */

/* Begin PBXVariantGroup section */
		9659069924BC504D00DAEDA2 /* Main.storyboard */ = {
			isa = PBXVariantGroup;
			children = (
				9659069A24BC504D00DAEDA2 /* Base */,
			);
			name = Main.storyboard;
			sourceTree = "<group>";
		};
		9659069E24BC504F00DAEDA2 /* LaunchScreen.storyboard */ = {
			isa = PBXVariantGroup;
			children = (
				9659069F24BC504F00DAEDA2 /* Base */,
			);
			name = LaunchScreen.storyboard;
			sourceTree = "<group>";
		};
/* End PBXVariantGroup section */

/* Begin XCBuildConfiguration section */
		965906B824BC505000DAEDA2 /* Debug */ = {
			isa = XCBuildConfiguration;
			buildSettings = {
				ALWAYS_SEARCH_USER_PATHS = NO;
				CLANG_ANALYZER_NONNULL = YES;
				CLANG_ANALYZER_NUMBER_OBJECT_CONVERSION = YES_AGGRESSIVE;
				CLANG_CXX_LANGUAGE_STANDARD = "gnu++14";
				CLANG_CXX_LIBRARY = "libc++";
				CLANG_ENABLE_MODULES = YES;
				CLANG_ENABLE_OBJC_ARC = YES;
				CLANG_ENABLE_OBJC_WEAK = YES;
				CLANG_WARN_BLOCK_CAPTURE_AUTORELEASING = YES;
				CLANG_WARN_BOOL_CONVERSION = YES;
				CLANG_WARN_COMMA = YES;
				CLANG_WARN_CONSTANT_CONVERSION = YES;
				CLANG_WARN_DEPRECATED_OBJC_IMPLEMENTATIONS = YES;
				CLANG_WARN_DIRECT_OBJC_ISA_USAGE = YES_ERROR;
				CLANG_WARN_DOCUMENTATION_COMMENTS = YES;
				CLANG_WARN_EMPTY_BODY = YES;
				CLANG_WARN_ENUM_CONVERSION = YES;
				CLANG_WARN_INFINITE_RECURSION = YES;
				CLANG_WARN_INT_CONVERSION = YES;
				CLANG_WARN_NON_LITERAL_NULL_CONVERSION = YES;
				CLANG_WARN_OBJC_IMPLICIT_RETAIN_SELF = YES;
				CLANG_WARN_OBJC_LITERAL_CONVERSION = YES;
				CLANG_WARN_OBJC_ROOT_CLASS = YES_ERROR;
				CLANG_WARN_RANGE_LOOP_ANALYSIS = YES;
				CLANG_WARN_STRICT_PROTOTYPES = YES;
				CLANG_WARN_SUSPICIOUS_MOVE = YES;
				CLANG_WARN_UNGUARDED_AVAILABILITY = YES_AGGRESSIVE;
				CLANG_WARN_UNREACHABLE_CODE = YES;
				CLANG_WARN__DUPLICATE_METHOD_MATCH = YES;
				COPY_PHASE_STRIP = NO;
				DEBUG_INFORMATION_FORMAT = dwarf;
				ENABLE_STRICT_OBJC_MSGSEND = YES;
				ENABLE_TESTABILITY = YES;
				GCC_C_LANGUAGE_STANDARD = gnu11;
				GCC_DYNAMIC_NO_PIC = NO;
				GCC_NO_COMMON_BLOCKS = YES;
				GCC_OPTIMIZATION_LEVEL = 0;
				GCC_PREPROCESSOR_DEFINITIONS = (
					"DEBUG=1",
					"$(inherited)",
				);
				GCC_WARN_64_TO_32_BIT_CONVERSION = YES;
				GCC_WARN_ABOUT_RETURN_TYPE = YES_ERROR;
				GCC_WARN_UNDECLARED_SELECTOR = YES;
				GCC_WARN_UNINITIALIZED_AUTOS = YES_AGGRESSIVE;
				GCC_WARN_UNUSED_FUNCTION = YES;
				GCC_WARN_UNUSED_VARIABLE = YES;
				IPHONEOS_DEPLOYMENT_TARGET = 13.5;
				MTL_ENABLE_DEBUG_INFO = INCLUDE_SOURCE;
				MTL_FAST_MATH = YES;
				ONLY_ACTIVE_ARCH = YES;
				SDKROOT = iphoneos;
				SWIFT_ACTIVE_COMPILATION_CONDITIONS = DEBUG;
				SWIFT_OPTIMIZATION_LEVEL = "-Onone";
			};
			name = Debug;
		};
		965906B924BC505000DAEDA2 /* Release */ = {
			isa = XCBuildConfiguration;
			buildSettings = {
				ALWAYS_SEARCH_USER_PATHS = NO;
				CLANG_ANALYZER_NONNULL = YES;
				CLANG_ANALYZER_NUMBER_OBJECT_CONVERSION = YES_AGGRESSIVE;
				CLANG_CXX_LANGUAGE_STANDARD = "gnu++14";
				CLANG_CXX_LIBRARY = "libc++";
				CLANG_ENABLE_MODULES = YES;
				CLANG_ENABLE_OBJC_ARC = YES;
				CLANG_ENABLE_OBJC_WEAK = YES;
				CLANG_WARN_BLOCK_CAPTURE_AUTORELEASING = YES;
				CLANG_WARN_BOOL_CONVERSION = YES;
				CLANG_WARN_COMMA = YES;
				CLANG_WARN_CONSTANT_CONVERSION = YES;
				CLANG_WARN_DEPRECATED_OBJC_IMPLEMENTATIONS = YES;
				CLANG_WARN_DIRECT_OBJC_ISA_USAGE = YES_ERROR;
				CLANG_WARN_DOCUMENTATION_COMMENTS = YES;
				CLANG_WARN_EMPTY_BODY = YES;
				CLANG_WARN_ENUM_CONVERSION = YES;
				CLANG_WARN_INFINITE_RECURSION = YES;
				CLANG_WARN_INT_CONVERSION = YES;
				CLANG_WARN_NON_LITERAL_NULL_CONVERSION = YES;
				CLANG_WARN_OBJC_IMPLICIT_RETAIN_SELF = YES;
				CLANG_WARN_OBJC_LITERAL_CONVERSION = YES;
				CLANG_WARN_OBJC_ROOT_CLASS = YES_ERROR;
				CLANG_WARN_RANGE_LOOP_ANALYSIS = YES;
				CLANG_WARN_STRICT_PROTOTYPES = YES;
				CLANG_WARN_SUSPICIOUS_MOVE = YES;
				CLANG_WARN_UNGUARDED_AVAILABILITY = YES_AGGRESSIVE;
				CLANG_WARN_UNREACHABLE_CODE = YES;
				CLANG_WARN__DUPLICATE_METHOD_MATCH = YES;
				COPY_PHASE_STRIP = NO;
				DEBUG_INFORMATION_FORMAT = "dwarf-with-dsym";
				ENABLE_NS_ASSERTIONS = NO;
				ENABLE_STRICT_OBJC_MSGSEND = YES;
				GCC_C_LANGUAGE_STANDARD = gnu11;
				GCC_NO_COMMON_BLOCKS = YES;
				GCC_WARN_64_TO_32_BIT_CONVERSION = YES;
				GCC_WARN_ABOUT_RETURN_TYPE = YES_ERROR;
				GCC_WARN_UNDECLARED_SELECTOR = YES;
				GCC_WARN_UNINITIALIZED_AUTOS = YES_AGGRESSIVE;
				GCC_WARN_UNUSED_FUNCTION = YES;
				GCC_WARN_UNUSED_VARIABLE = YES;
				IPHONEOS_DEPLOYMENT_TARGET = 13.5;
				MTL_ENABLE_DEBUG_INFO = NO;
				MTL_FAST_MATH = YES;
				SDKROOT = iphoneos;
				SWIFT_COMPILATION_MODE = wholemodule;
				SWIFT_OPTIMIZATION_LEVEL = "-O";
				VALIDATE_PRODUCT = YES;
			};
			name = Release;
		};
		965906BB24BC505000DAEDA2 /* Debug */ = {
			isa = XCBuildConfiguration;
			buildSettings = {
				ASSETCATALOG_COMPILER_APPICON_NAME = AppIcon;
				CODE_SIGN_STYLE = Automatic;
				DEVELOPMENT_TEAM = 3CY8UX9N2S;
				INFOPLIST_FILE = travel_diary/Info.plist;
				LD_RUNPATH_SEARCH_PATHS = (
					"$(inherited)",
					"@executable_path/Frameworks",
				);
				PRODUCT_BUNDLE_IDENTIFIER = "YEHEO.travel-diary";
				PRODUCT_NAME = "$(TARGET_NAME)";
				SWIFT_VERSION = 5.0;
				TARGETED_DEVICE_FAMILY = "1,2";
			};
			name = Debug;
		};
		965906BC24BC505000DAEDA2 /* Release */ = {
			isa = XCBuildConfiguration;
			buildSettings = {
				ASSETCATALOG_COMPILER_APPICON_NAME = AppIcon;
				CODE_SIGN_STYLE = Automatic;
				DEVELOPMENT_TEAM = 3CY8UX9N2S;
				INFOPLIST_FILE = travel_diary/Info.plist;
				LD_RUNPATH_SEARCH_PATHS = (
					"$(inherited)",
					"@executable_path/Frameworks",
				);
				PRODUCT_BUNDLE_IDENTIFIER = "YEHEO.travel-diary";
				PRODUCT_NAME = "$(TARGET_NAME)";
				SWIFT_VERSION = 5.0;
				TARGETED_DEVICE_FAMILY = "1,2";
			};
			name = Release;
		};
		965906BE24BC505000DAEDA2 /* Debug */ = {
			isa = XCBuildConfiguration;
			buildSettings = {
				ALWAYS_EMBED_SWIFT_STANDARD_LIBRARIES = YES;
				BUNDLE_LOADER = "$(TEST_HOST)";
				CODE_SIGN_STYLE = Automatic;
				DEVELOPMENT_TEAM = 3CY8UX9N2S;
				INFOPLIST_FILE = travel_diaryTests/Info.plist;
				IPHONEOS_DEPLOYMENT_TARGET = 13.5;
				LD_RUNPATH_SEARCH_PATHS = (
					"$(inherited)",
					"@executable_path/Frameworks",
					"@loader_path/Frameworks",
				);
				PRODUCT_BUNDLE_IDENTIFIER = "YEHEO.travel-diaryTests";
				PRODUCT_NAME = "$(TARGET_NAME)";
				SWIFT_VERSION = 5.0;
				TARGETED_DEVICE_FAMILY = "1,2";
				TEST_HOST = "$(BUILT_PRODUCTS_DIR)/travel_diary.app/travel_diary";
			};
			name = Debug;
		};
		965906BF24BC505000DAEDA2 /* Release */ = {
			isa = XCBuildConfiguration;
			buildSettings = {
				ALWAYS_EMBED_SWIFT_STANDARD_LIBRARIES = YES;
				BUNDLE_LOADER = "$(TEST_HOST)";
				CODE_SIGN_STYLE = Automatic;
				DEVELOPMENT_TEAM = 3CY8UX9N2S;
				INFOPLIST_FILE = travel_diaryTests/Info.plist;
				IPHONEOS_DEPLOYMENT_TARGET = 13.5;
				LD_RUNPATH_SEARCH_PATHS = (
					"$(inherited)",
					"@executable_path/Frameworks",
					"@loader_path/Frameworks",
				);
				PRODUCT_BUNDLE_IDENTIFIER = "YEHEO.travel-diaryTests";
				PRODUCT_NAME = "$(TARGET_NAME)";
				SWIFT_VERSION = 5.0;
				TARGETED_DEVICE_FAMILY = "1,2";
				TEST_HOST = "$(BUILT_PRODUCTS_DIR)/travel_diary.app/travel_diary";
			};
			name = Release;
		};
		965906C124BC505000DAEDA2 /* Debug */ = {
			isa = XCBuildConfiguration;
			buildSettings = {
				ALWAYS_EMBED_SWIFT_STANDARD_LIBRARIES = YES;
				CODE_SIGN_STYLE = Automatic;
				DEVELOPMENT_TEAM = 3CY8UX9N2S;
				INFOPLIST_FILE = travel_diaryUITests/Info.plist;
				LD_RUNPATH_SEARCH_PATHS = (
					"$(inherited)",
					"@executable_path/Frameworks",
					"@loader_path/Frameworks",
				);
				PRODUCT_BUNDLE_IDENTIFIER = "YEHEO.travel-diaryUITests";
				PRODUCT_NAME = "$(TARGET_NAME)";
				SWIFT_VERSION = 5.0;
				TARGETED_DEVICE_FAMILY = "1,2";
				TEST_TARGET_NAME = travel_diary;
			};
			name = Debug;
		};
		965906C224BC505000DAEDA2 /* Release */ = {
			isa = XCBuildConfiguration;
			buildSettings = {
				ALWAYS_EMBED_SWIFT_STANDARD_LIBRARIES = YES;
				CODE_SIGN_STYLE = Automatic;
				DEVELOPMENT_TEAM = 3CY8UX9N2S;
				INFOPLIST_FILE = travel_diaryUITests/Info.plist;
				LD_RUNPATH_SEARCH_PATHS = (
					"$(inherited)",
					"@executable_path/Frameworks",
					"@loader_path/Frameworks",
				);
				PRODUCT_BUNDLE_IDENTIFIER = "YEHEO.travel-diaryUITests";
				PRODUCT_NAME = "$(TARGET_NAME)";
				SWIFT_VERSION = 5.0;
				TARGETED_DEVICE_FAMILY = "1,2";
				TEST_TARGET_NAME = travel_diary;
			};
			name = Release;
		};
/* End XCBuildConfiguration section */

/* Begin XCConfigurationList section */
		9659068B24BC504D00DAEDA2 /* Build configuration list for PBXProject "travel_diary" */ = {
			isa = XCConfigurationList;
			buildConfigurations = (
				965906B824BC505000DAEDA2 /* Debug */,
				965906B924BC505000DAEDA2 /* Release */,
			);
			defaultConfigurationIsVisible = 0;
			defaultConfigurationName = Release;
		};
		965906BA24BC505000DAEDA2 /* Build configuration list for PBXNativeTarget "travel_diary" */ = {
			isa = XCConfigurationList;
			buildConfigurations = (
				965906BB24BC505000DAEDA2 /* Debug */,
				965906BC24BC505000DAEDA2 /* Release */,
			);
			defaultConfigurationIsVisible = 0;
			defaultConfigurationName = Release;
		};
		965906BD24BC505000DAEDA2 /* Build configuration list for PBXNativeTarget "travel_diaryTests" */ = {
			isa = XCConfigurationList;
			buildConfigurations = (
				965906BE24BC505000DAEDA2 /* Debug */,
				965906BF24BC505000DAEDA2 /* Release */,
			);
			defaultConfigurationIsVisible = 0;
			defaultConfigurationName = Release;
		};
		965906C024BC505000DAEDA2 /* Build configuration list for PBXNativeTarget "travel_diaryUITests" */ = {
			isa = XCConfigurationList;
			buildConfigurations = (
				965906C124BC505000DAEDA2 /* Debug */,
				965906C224BC505000DAEDA2 /* Release */,
			);
			defaultConfigurationIsVisible = 0;
			defaultConfigurationName = Release;
		};
/* End XCConfigurationList section */
	};
	rootObject = 9659068824BC504D00DAEDA2 /* Project object */;
}
